
Microsoft Visual Studio Solution File, Format Version 12.00
# Visual Studio Version 17
VisualStudioVersion = 17.8.34322.80
MinimumVisualStudioVersion = 10.0.40219.1
Project("{FAE04EC0-301F-11D3-BF4B-00C04F79EFBC}") = "EasyToBook.WebApp", "EasyToBook.WebApp\EasyToBook.WebApp.csproj", "{928A069D-5377-4600-8D4B-E8F33ABEBD85}"
EndProject
Global
	GlobalSection(SolutionConfigurationPlatforms) = preSolution
		Debug|Any CPU = Debug|Any CPU
		Release|Any CPU = Release|Any CPU
	EndGlobalSection
	GlobalSection(ProjectConfigurationPlatforms) = postSolution
		{928A069D-5377-4600-8D4B-E8F33ABEBD85}.Debug|Any CPU.ActiveCfg = Debug|Any CPU
		{928A069D-5377-4600-8D4B-E8F33ABEBD85}.Debug|Any CPU.Build.0 = Debug|Any CPU
		{928A069D-5377-4600-8D4B-E8F33ABEBD85}.Release|Any CPU.ActiveCfg = Release|Any CPU
		{928A069D-5377-4600-8D4B-E8F33ABEBD85}.Release|Any CPU.Build.0 = Release|Any CPU
	EndGlobalSection
	GlobalSection(SolutionProperties) = preSolution
		HideSolutionNode = FALSE
	EndGlobalSection
	GlobalSection(ExtensibilityGlobals) = postSolution
		SolutionGuid = {7ED56FC5-2DB2-4F1B-B237-7AB1E35B0AA2}
	EndGlobalSection
EndGlobal
